
Microsoft Visual Studio Solution File, Format Version 12.00
# Visual Studio 15
VisualStudioVersion = 15.0.27703.2035
MinimumVisualStudioVersion = 10.0.40219.1
Project("{FAE04EC0-301F-11D3-BF4B-00C04F79EFBC}") = "ACLXrayWeb", "ACLXrayWeb\ACLXrayWeb.csproj", "{C7CE2886-2458-470D-B794-303C39022E1C}"
EndProject
Global
	GlobalSection(SolutionConfigurationPlatforms) = preSolution
		Debug|Any CPU = Debug|Any CPU
		Release|Any CPU = Release|Any CPU
	EndGlobalSection
	GlobalSection(ProjectConfigurationPlatforms) = postSolution
		{C7CE2886-2458-470D-B794-303C39022E1C}.Debug|Any CPU.ActiveCfg = Debug|Any CPU
		{C7CE2886-2458-470D-B794-303C39022E1C}.Debug|Any CPU.Build.0 = Debug|Any CPU
		{C7CE2886-2458-470D-B794-303C39022E1C}.Release|Any CPU.ActiveCfg = Release|Any CPU
		{C7CE2886-2458-470D-B794-303C39022E1C}.Release|Any CPU.Build.0 = Release|Any CPU
	EndGlobalSection
	GlobalSection(SolutionProperties) = preSolution
		HideSolutionNode = FALSE
	EndGlobalSection
	GlobalSection(ExtensibilityGlobals) = postSolution
		SolutionGuid = {B8534AB9-69D2-4E6D-97D4-92AB2C49948F}
	EndGlobalSection
EndGlobal
